Microsoft Visual Studio Solution File, Format Version 11.00
# Visual Studio 2008


Global
	GlobalSection(SolutionConfigurationPlatforms) = preSolution
		Debug|Any CPU = Debug|Any CPU
		Release|Any CPU = Release|Any CPU
	EndGlobalSection
	GlobalSection(ProjectConfigurationPlatforms) = postSolution

	EndGlobalSection
	GlobalSection(SolutionProperties) = preSolution
		HideSolutionNode = FALSE
	EndGlobalSection
																																																																																																														GlobalSection(MonoDevelopProperties) = preSolution
		StartupItems = $0
		$0.Item = Assembly-UnityScript-firstpass.unityproj
		$0.Item = Assembly-CSharp.csproj
		Policies = $1
		$1.TextStylePolicy = $2
		$2.inheritsSet = null
		$2.scope = text/x-csharp
		$1.CSharpFormattingPolicy = $3
		$3.inheritsSet = Mono
		$3.inheritsScope = text/x-csharp
		$3.scope = text/x-csharp
		$1.TextStylePolicy = $4
		$4.FileWidth = 120
		$4.TabWidth = 4
		$4.EolMarker = Unix
		$4.inheritsSet = Mono
		$4.inheritsScope = text/plain
		$4.scope = text/plain
	EndGlobalSection

EndGlobal
