
Microsoft Visual Studio Solution File, Format Version 12.00
# Visual Studio for Mac
Project("{FAE04EC0-301F-11D3-BF4B-00C04F79EFBC}") = "Assembly-CSharp", "Assembly-CSharp.csproj", "{DDAC0407-0D8C-787F-4445-C09B9554C896}"
EndProject
Project("{FAE04EC0-301F-11D3-BF4B-00C04F79EFBC}") = "Assembly-CSharp-Editor", "Assembly-CSharp-Editor.csproj", "{C6FB5BC9-FFC1-B9A0-3E6A-73000CE84D17}"
EndProject
Global
	GlobalSection(SolutionConfigurationPlatforms) = preSolution
		Debug|Any CPU = Debug|Any CPU
		Release|Any CPU = Release|Any CPU
	EndGlobalSection
	GlobalSection(ProjectConfigurationPlatforms) = postSolution
		{DDAC0407-0D8C-787F-4445-C09B9554C896}.Debug|Any CPU.ActiveCfg = Debug|Any CPU
		{DDAC0407-0D8C-787F-4445-C09B9554C896}.Debug|Any CPU.Build.0 = Debug|Any CPU
		{DDAC0407-0D8C-787F-4445-C09B9554C896}.Release|Any CPU.ActiveCfg = Release|Any CPU
		{DDAC0407-0D8C-787F-4445-C09B9554C896}.Release|Any CPU.Build.0 = Release|Any CPU
		{C6FB5BC9-FFC1-B9A0-3E6A-73000CE84D17}.Debug|Any CPU.ActiveCfg = Debug|Any CPU
		{C6FB5BC9-FFC1-B9A0-3E6A-73000CE84D17}.Debug|Any CPU.Build.0 = Debug|Any CPU
		{C6FB5BC9-FFC1-B9A0-3E6A-73000CE84D17}.Release|Any CPU.ActiveCfg = Release|Any CPU
		{C6FB5BC9-FFC1-B9A0-3E6A-73000CE84D17}.Release|Any CPU.Build.0 = Release|Any CPU
	EndGlobalSection
	GlobalSection(SolutionProperties) = preSolution
		HideSolutionNode = FALSE
	EndGlobalSection
EndGlobal
